
Microsoft Visual Studio Solution File, Format Version 12.00
# Visual Studio Express 2012 for Web
Project("{FAE04EC0-301F-11D3-BF4B-00C04F79EFBC}") = "AvalonBetris", "AvalonBetris\AvalonBetris.csproj", "{167942B0-4FCA-4AA2-B4F7-D0A6DF81EF98}"
EndProject
Global
	GlobalSection(SolutionConfigurationPlatforms) = preSolution
		Debug|Any CPU = Debug|Any CPU
		Release|Any CPU = Release|Any CPU
	EndGlobalSection
	GlobalSection(ProjectConfigurationPlatforms) = postSolution
		{167942B0-4FCA-4AA2-B4F7-D0A6DF81EF98}.Debug|Any CPU.ActiveCfg = Debug|Any CPU
		{167942B0-4FCA-4AA2-B4F7-D0A6DF81EF98}.Debug|Any CPU.Build.0 = Debug|Any CPU
		{167942B0-4FCA-4AA2-B4F7-D0A6DF81EF98}.Release|Any CPU.ActiveCfg = Release|Any CPU
		{167942B0-4FCA-4AA2-B4F7-D0A6DF81EF98}.Release|Any CPU.Build.0 = Release|Any CPU
	EndGlobalSection
	GlobalSection(SolutionProperties) = preSolution
		HideSolutionNode = FALSE
	EndGlobalSection
EndGlobal
